// !$*UTF8*$!
{
	archiveVersion = 1;
	classes = {
	};
	objectVersion = 56;
	objects = {

/* Begin PBXBuildFile section */
		5AFB8B5E2B6785530099B033 /* AuthenticationServices.swift in Sources */ = {isa = PBXBuildFile; fileRef = 5AFB8B5D2B6785530099B033 /* AuthenticationServices.swift */; };
		5AFB8B602B67892C0099B033 /* SplashScreen.swift in Sources */ = {isa = PBXBuildFile; fileRef = 5AFB8B5F2B67892C0099B033 /* SplashScreen.swift */; };
		B87B893A2B66C3E00031E9D9 /* CustomARView.swift in Sources */ = {isa = PBXBuildFile; fileRef = B87B89392B66C3E00031E9D9 /* CustomARView.swift */; };
		B87B893C2B66CAB70031E9D9 /* Hole.reality in Resources */ = {isa = PBXBuildFile; fileRef = B87B893B2B66CAB70031E9D9 /* Hole.reality */; };
		B87B893E2B66D6AE0031E9D9 /* Actions.swift in Sources */ = {isa = PBXBuildFile; fileRef = B87B893D2B66D6AE0031E9D9 /* Actions.swift */; };
		B87B89422B66E0B30031E9D9 /* Ball.reality in Resources */ = {isa = PBXBuildFile; fileRef = B87B89412B66E0B30031E9D9 /* Ball.reality */; };
		B87B89442B66E1860031E9D9 /* Manager.swift in Sources */ = {isa = PBXBuildFile; fileRef = B87B89432B66E1860031E9D9 /* Manager.swift */; };
		B87B89462B67B30D0031E9D9 /* ConnectWithSomeone.swift in Sources */ = {isa = PBXBuildFile; fileRef = B87B89452B67B30D0031E9D9 /* ConnectWithSomeone.swift */; };
		B8A8BA4B2B65A4AC00633A08 /* InstructionView.swift in Sources */ = {isa = PBXBuildFile; fileRef = B8A8BA4A2B65A4AC00633A08 /* InstructionView.swift */; };
		B8A8BA4E2B65A53D00633A08 /* Leaderboared.swift in Sources */ = {isa = PBXBuildFile; fileRef = B8A8BA4D2B65A53D00633A08 /* Leaderboared.swift */; };
		B8A8BA512B664B3000633A08 /* Controller.swift in Sources */ = {isa = PBXBuildFile; fileRef = B8A8BA502B664B3000633A08 /* Controller.swift */; };
		B8A8BA532B664B4800633A08 /* ARViewRepresentable.swift in Sources */ = {isa = PBXBuildFile; fileRef = B8A8BA522B664B4800633A08 /* ARViewRepresentable.swift */; };
		B8BFBDA82B62448D00161CF6 /* AppDelegate.swift in Sources */ = {isa = PBXBuildFile; fileRef = B8BFBDA72B62448D00161CF6 /* AppDelegate.swift */; };
		B8BFBDAA2B62448D00161CF6 /* MainView.swift in Sources */ = {isa = PBXBuildFile; fileRef = B8BFBDA92B62448D00161CF6 /* MainView.swift */; };
		B8BFBDAC2B62448E00161CF6 /* Assets.xcassets in Resources */ = {isa = PBXBuildFile; fileRef = B8BFBDAB2B62448E00161CF6 /* Assets.xcassets */; };
		B8BFBDAF2B62448E00161CF6 /* Preview Assets.xcassets in Resources */ = {isa = PBXBuildFile; fileRef = B8BFBDAE2B62448E00161CF6 /* Preview Assets.xcassets */; };
/* End PBXBuildFile section */

/* Begin PBXFileReference section */
		5AFB8B5D2B6785530099B033 /* AuthenticationServices.swift */ = {isa = PBXFileReference; fileEncoding = 4; lastKnownFileType = sourcecode.swift; path = AuthenticationServices.swift; sourceTree = "<group>"; };
		5AFB8B5F2B67892C0099B033 /* SplashScreen.swift */ = {isa = PBXFileReference; lastKnownFileType = sourcecode.swift; path = SplashScreen.swift; sourceTree = "<group>"; };
		B87B89392B66C3E00031E9D9 /* CustomARView.swift */ = {isa = PBXFileReference; lastKnownFileType = sourcecode.swift; path = CustomARView.swift; sourceTree = "<group>"; };
		B87B893B2B66CAB70031E9D9 /* Hole.reality */ = {isa = PBXFileReference; lastKnownFileType = file; path = Hole.reality; sourceTree = "<group>"; };
		B87B893D2B66D6AE0031E9D9 /* Actions.swift */ = {isa = PBXFileReference; lastKnownFileType = sourcecode.swift; path = Actions.swift; sourceTree = "<group>"; };
		B87B89412B66E0B30031E9D9 /* Ball.reality */ = {isa = PBXFileReference; lastKnownFileType = file; path = Ball.reality; sourceTree = "<group>"; };
		B87B89432B66E1860031E9D9 /* Manager.swift */ = {isa = PBXFileReference; lastKnownFileType = sourcecode.swift; path = Manager.swift; sourceTree = "<group>"; };
		B87B89452B67B30D0031E9D9 /* ConnectWithSomeone.swift */ = {isa = PBXFileReference; lastKnownFileType = sourcecode.swift; path = ConnectWithSomeone.swift; sourceTree = "<group>"; };
		B8A8BA4A2B65A4AC00633A08 /* InstructionView.swift */ = {isa = PBXFileReference; lastKnownFileType = sourcecode.swift; path = InstructionView.swift; sourceTree = "<group>"; };
		B8A8BA4D2B65A53D00633A08 /* Leaderboared.swift */ = {isa = PBXFileReference; lastKnownFileType = sourcecode.swift; path = Leaderboared.swift; sourceTree = "<group>"; };
		B8A8BA502B664B3000633A08 /* Controller.swift */ = {isa = PBXFileReference; lastKnownFileType = sourcecode.swift; path = Controller.swift; sourceTree = "<group>"; };
		B8A8BA522B664B4800633A08 /* ARViewRepresentable.swift */ = {isa = PBXFileReference; lastKnownFileType = sourcecode.swift; path = ARViewRepresentable.swift; sourceTree = "<group>"; };
		B8BFBDA42B62448D00161CF6 /* Pit-a-Pat.app */ = {isa = PBXFileReference; explicitFileType = wrapper.application; includeInIndex = 0; path = "Pit-a-Pat.app"; sourceTree = BUILT_PRODUCTS_DIR; };
		B8BFBDA72B62448D00161CF6 /* AppDelegate.swift */ = {isa = PBXFileReference; lastKnownFileType = sourcecode.swift; path = AppDelegate.swift; sourceTree = "<group>"; };
		B8BFBDA92B62448D00161CF6 /* MainView.swift */ = {isa = PBXFileReference; lastKnownFileType = sourcecode.swift; path = MainView.swift; sourceTree = "<group>"; };
		B8BFBDAB2B62448E00161CF6 /* Assets.xcassets */ = {isa = PBXFileReference; lastKnownFileType = folder.assetcatalog; path = Assets.xcassets; sourceTree = "<group>"; };
		B8BFBDAE2B62448E00161CF6 /* Preview Assets.xcassets */ = {isa = PBXFileReference; lastKnownFileType = folder.assetcatalog; path = "Preview Assets.xcassets"; sourceTree = "<group>"; };
/* End PBXFileReference section */

/* Begin PBXFrameworksBuildPhase section */
		B8BFBDA12B62448D00161CF6 /* Frameworks */ = {
			isa = PBXFrameworksBuildPhase;
			buildActionMask = 2147483647;
			files = (
			);
			runOnlyForDeploymentPostprocessing = 0;
		};
/* End PBXFrameworksBuildPhase section */

/* Begin PBXGroup section */
		B8A8BA472B65A3F300633A08 /* Views */ = {
			isa = PBXGroup;
			children = (
				5AFB8B5F2B67892C0099B033 /* SplashScreen.swift */,
				B8BFBDA92B62448D00161CF6 /* MainView.swift */,
				B8A8BA4A2B65A4AC00633A08 /* InstructionView.swift */,
				B8A8BA4D2B65A53D00633A08 /* Leaderboared.swift */,
				B87B89452B67B30D0031E9D9 /* ConnectWithSomeone.swift */,
			);
			path = Views;
			sourceTree = "<group>";
		};
		B8A8BA482B65A40600633A08 /* Servcies  */ = {
			isa = PBXGroup;
			children = (
				5AFB8B5D2B6785530099B033 /* AuthenticationServices.swift */,
			);
			path = "Servcies ";
			sourceTree = "<group>";
		};
		B8A8BA4F2B664B1B00633A08 /* AR */ = {
			isa = PBXGroup;
			children = (
				B8A8BA502B664B3000633A08 /* Controller.swift */,
				B8A8BA522B664B4800633A08 /* ARViewRepresentable.swift */,
				B87B89392B66C3E00031E9D9 /* CustomARView.swift */,
				B87B893D2B66D6AE0031E9D9 /* Actions.swift */,
				B87B89432B66E1860031E9D9 /* Manager.swift */,
			);
			path = AR;
			sourceTree = "<group>";
		};
		B8BFBD9B2B62448D00161CF6 = {
			isa = PBXGroup;
			children = (
				B8BFBDA62B62448D00161CF6 /* Pit-a-Pat */,
				B8BFBDA52B62448D00161CF6 /* Products */,
			);
			sourceTree = "<group>";
		};
		B8BFBDA52B62448D00161CF6 /* Products */ = {
			isa = PBXGroup;
			children = (
				B8BFBDA42B62448D00161CF6 /* Pit-a-Pat.app */,
			);
			name = Products;
			sourceTree = "<group>";
		};
		B8BFBDA62B62448D00161CF6 /* Pit-a-Pat */ = {
			isa = PBXGroup;
			children = (
				B87B89412B66E0B30031E9D9 /* Ball.reality */,
				B87B893B2B66CAB70031E9D9 /* Hole.reality */,
				B8BFBDA72B62448D00161CF6 /* AppDelegate.swift */,
				B8BFBDAB2B62448E00161CF6 /* Assets.xcassets */,
				B8A8BA4F2B664B1B00633A08 /* AR */,
				B8BFBDAD2B62448E00161CF6 /* Preview Content */,
				B8A8BA482B65A40600633A08 /* Servcies  */,
				B8A8BA472B65A3F300633A08 /* Views */,
			);
			path = "Pit-a-Pat";
			sourceTree = "<group>";
		};
		B8BFBDAD2B62448E00161CF6 /* Preview Content */ = {
			isa = PBXGroup;
			children = (
				B8BFBDAE2B62448E00161CF6 /* Preview Assets.xcassets */,
			);
			path = "Preview Content";
			sourceTree = "<group>";
		};
/* End PBXGroup section */

/* Begin PBXNativeTarget section */
		B8BFBDA32B62448D00161CF6 /* Pit-a-Pat */ = {
			isa = PBXNativeTarget;
			buildConfigurationList = B8BFBDB22B62448E00161CF6 /* Build configuration list for PBXNativeTarget "Pit-a-Pat" */;
			buildPhases = (
				B8BFBDA02B62448D00161CF6 /* Sources */,
				B8BFBDA12B62448D00161CF6 /* Frameworks */,
				B8BFBDA22B62448D00161CF6 /* Resources */,
			);
			buildRules = (
			);
			dependencies = (
			);
			name = "Pit-a-Pat";
			productName = "Pit-a-Pat";
			productReference = B8BFBDA42B62448D00161CF6 /* Pit-a-Pat.app */;
			productType = "com.apple.product-type.application";
		};
/* End PBXNativeTarget section */

/* Begin PBXProject section */
		B8BFBD9C2B62448D00161CF6 /* Project object */ = {
			isa = PBXProject;
			attributes = {
				BuildIndependentTargetsInParallel = 1;
				LastSwiftUpdateCheck = 1500;
				LastUpgradeCheck = 1500;
				TargetAttributes = {
					B8BFBDA32B62448D00161CF6 = {
						CreatedOnToolsVersion = 15.0;
					};
				};
			};
			buildConfigurationList = B8BFBD9F2B62448D00161CF6 /* Build configuration list for PBXProject "Pit-a-Pat" */;
			compatibilityVersion = "Xcode 14.0";
			developmentRegion = en;
			hasScannedForEncodings = 0;
			knownRegions = (
				en,
				Base,
			);
			mainGroup = B8BFBD9B2B62448D00161CF6;
			productRefGroup = B8BFBDA52B62448D00161CF6 /* Products */;
			projectDirPath = "";
			projectRoot = "";
			targets = (
				B8BFBDA32B62448D00161CF6 /* Pit-a-Pat */,
			);
		};
/* End PBXProject section */

/* Begin PBXResourcesBuildPhase section */
		B8BFBDA22B62448D00161CF6 /* Resources */ = {
			isa = PBXResourcesBuildPhase;
			buildActionMask = 2147483647;
			files = (
				B87B893C2B66CAB70031E9D9 /* Hole.reality in Resources */,
				B8BFBDAF2B62448E00161CF6 /* Preview Assets.xcassets in Resources */,
				B8BFBDAC2B62448E00161CF6 /* Assets.xcassets in Resources */,
				B87B89422B66E0B30031E9D9 /* Ball.reality in Resources */,
			);
			runOnlyForDeploymentPostprocessing = 0;
		};
/* End PBXResourcesBuildPhase section */

/* Begin PBXSourcesBuildPhase section */
		B8BFBDA02B62448D00161CF6 /* Sources */ = {
			isa = PBXSourcesBuildPhase;
			buildActionMask = 2147483647;
			files = (
				B87B893A2B66C3E00031E9D9 /* CustomARView.swift in Sources */,
				B87B893E2B66D6AE0031E9D9 /* Actions.swift in Sources */,
				B8BFBDAA2B62448D00161CF6 /* MainView.swift in Sources */,
				B8A8BA4B2B65A4AC00633A08 /* InstructionView.swift in Sources */,
				B8A8BA532B664B4800633A08 /* ARViewRepresentable.swift in Sources */,
				5AFB8B5E2B6785530099B033 /* AuthenticationServices.swift in Sources */,
				5AFB8B602B67892C0099B033 /* SplashScreen.swift in Sources */,
				B87B89462B67B30D0031E9D9 /* ConnectWithSomeone.swift in Sources */,
				B8BFBDA82B62448D00161CF6 /* AppDelegate.swift in Sources */,
				B8A8BA512B664B3000633A08 /* Controller.swift in Sources */,
				B87B89442B66E1860031E9D9 /* Manager.swift in Sources */,
				B8A8BA4E2B65A53D00633A08 /* Leaderboared.swift in Sources */,
			);
			runOnlyForDeploymentPostprocessing = 0;
		};
/* End PBXSourcesBuildPhase section */

/* Begin XCBuildConfiguration section */
		B8BFBDB02B62448E00161CF6 /* Debug */ = {
			isa = XCBuildConfiguration;
			buildSettings = {
				ALWAYS_SEARCH_USER_PATHS = NO;
				ASSETCATALOG_COMPILER_GENERATE_SWIFT_ASSET_SYMBOL_EXTENSIONS = YES;
				CLANG_ANALYZER_NONNULL = YES;
				CLANG_ANALYZER_NUMBER_OBJECT_CONVERSION = YES_AGGRESSIVE;
				CLANG_CXX_LANGUAGE_STANDARD = "gnu++20";
				CLANG_ENABLE_MODULES = YES;
				CLANG_ENABLE_OBJC_ARC = YES;
				CLANG_ENABLE_OBJC_WEAK = YES;
				CLANG_WARN_BLOCK_CAPTURE_AUTORELEASING = YES;
				CLANG_WARN_BOOL_CONVERSION = YES;
				CLANG_WARN_COMMA = YES;
				CLANG_WARN_CONSTANT_CONVERSION = YES;
				CLANG_WARN_DEPRECATED_OBJC_IMPLEMENTATIONS = YES;
				CLANG_WARN_DIRECT_OBJC_ISA_USAGE = YES_ERROR;
				CLANG_WARN_DOCUMENTATION_COMMENTS = YES;
				CLANG_WARN_EMPTY_BODY = YES;
				CLANG_WARN_ENUM_CONVERSION = YES;
				CLANG_WARN_INFINITE_RECURSION = YES;
				CLANG_WARN_INT_CONVERSION = YES;
				CLANG_WARN_NON_LITERAL_NULL_CONVERSION = YES;
				CLANG_WARN_OBJC_IMPLICIT_RETAIN_SELF = YES;
				CLANG_WARN_OBJC_LITERAL_CONVERSION = YES;
				CLANG_WARN_OBJC_ROOT_CLASS = YES_ERROR;
				CLANG_WARN_QUOTED_INCLUDE_IN_FRAMEWORK_HEADER = YES;
				CLANG_WARN_RANGE_LOOP_ANALYSIS = YES;
				CLANG_WARN_STRICT_PROTOTYPES = YES;
				CLANG_WARN_SUSPICIOUS_MOVE = YES;
				CLANG_WARN_UNGUARDED_AVAILABILITY = YES_AGGRESSIVE;
				CLANG_WARN_UNREACHABLE_CODE = YES;
				CLANG_WARN__DUPLICATE_METHOD_MATCH = YES;
				COPY_PHASE_STRIP = NO;
				DEBUG_INFORMATION_FORMAT = dwarf;
				ENABLE_STRICT_OBJC_MSGSEND = YES;
				ENABLE_TESTABILITY = YES;
				ENABLE_USER_SCRIPT_SANDBOXING = YES;
				GCC_C_LANGUAGE_STANDARD = gnu17;
				GCC_DYNAMIC_NO_PIC = NO;
				GCC_NO_COMMON_BLOCKS = YES;
				GCC_OPTIMIZATION_LEVEL = 0;
				GCC_PREPROCESSOR_DEFINITIONS = (
					"DEBUG=1",
					"$(inherited)",
				);
				GCC_WARN_64_TO_32_BIT_CONVERSION = YES;
				GCC_WARN_ABOUT_RETURN_TYPE = YES_ERROR;
				GCC_WARN_UNDECLARED_SELECTOR = YES;
				GCC_WARN_UNINITIALIZED_AUTOS = YES_AGGRESSIVE;
				GCC_WARN_UNUSED_FUNCTION = YES;
				GCC_WARN_UNUSED_VARIABLE = YES;
				IPHONEOS_DEPLOYMENT_TARGET = 17.0;
				LOCALIZATION_PREFERS_STRING_CATALOGS = YES;
				MTL_ENABLE_DEBUG_INFO = INCLUDE_SOURCE;
				MTL_FAST_MATH = YES;
				ONLY_ACTIVE_ARCH = YES;
				SDKROOT = iphoneos;
				SWIFT_ACTIVE_COMPILATION_CONDITIONS = "DEBUG $(inherited)";
				SWIFT_OPTIMIZATION_LEVEL = "-Onone";
			};
			name = Debug;
		};
		B8BFBDB12B62448E00161CF6 /* Release */ = {
			isa = XCBuildConfiguration;
			buildSettings = {
				ALWAYS_SEARCH_USER_PATHS = NO;
				ASSETCATALOG_COMPILER_GENERATE_SWIFT_ASSET_SYMBOL_EXTENSIONS = YES;
				CLANG_ANALYZER_NONNULL = YES;
				CLANG_ANALYZER_NUMBER_OBJECT_CONVERSION = YES_AGGRESSIVE;
				CLANG_CXX_LANGUAGE_STANDARD = "gnu++20";
				CLANG_ENABLE_MODULES = YES;
				CLANG_ENABLE_OBJC_ARC = YES;
				CLANG_ENABLE_OBJC_WEAK = YES;
				CLANG_WARN_BLOCK_CAPTURE_AUTORELEASING = YES;
				CLANG_WARN_BOOL_CONVERSION = YES;
				CLANG_WARN_COMMA = YES;
				CLANG_WARN_CONSTANT_CONVERSION = YES;
				CLANG_WARN_DEPRECATED_OBJC_IMPLEMENTATIONS = YES;
				CLANG_WARN_DIRECT_OBJC_ISA_USAGE = YES_ERROR;
				CLANG_WARN_DOCUMENTATION_COMMENTS = YES;
				CLANG_WARN_EMPTY_BODY = YES;
				CLANG_WARN_ENUM_CONVERSION = YES;
				CLANG_WARN_INFINITE_RECURSION = YES;
				CLANG_WARN_INT_CONVERSION = YES;
				CLANG_WARN_NON_LITERAL_NULL_CONVERSION = YES;
				CLANG_WARN_OBJC_IMPLICIT_RETAIN_SELF = YES;
				CLANG_WARN_OBJC_LITERAL_CONVERSION = YES;
				CLANG_WARN_OBJC_ROOT_CLASS = YES_ERROR;
				CLANG_WARN_QUOTED_INCLUDE_IN_FRAMEWORK_HEADER = YES;
				CLANG_WARN_RANGE_LOOP_ANALYSIS = YES;
				CLANG_WARN_STRICT_PROTOTYPES = YES;
				CLANG_WARN_SUSPICIOUS_MOVE = YES;
				CLANG_WARN_UNGUARDED_AVAILABILITY = YES_AGGRESSIVE;
				CLANG_WARN_UNREACHABLE_CODE = YES;
				CLANG_WARN__DUPLICATE_METHOD_MATCH = YES;
				COPY_PHASE_STRIP = NO;
				DEBUG_INFORMATION_FORMAT = "dwarf-with-dsym";
				ENABLE_NS_ASSERTIONS = NO;
				ENABLE_STRICT_OBJC_MSGSEND = YES;
				ENABLE_USER_SCRIPT_SANDBOXING = YES;
				GCC_C_LANGUAGE_STANDARD = gnu17;
				GCC_NO_COMMON_BLOCKS = YES;
				GCC_WARN_64_TO_32_BIT_CONVERSION = YES;
				GCC_WARN_ABOUT_RETURN_TYPE = YES_ERROR;
				GCC_WARN_UNDECLARED_SELECTOR = YES;
				GCC_WARN_UNINITIALIZED_AUTOS = YES_AGGRESSIVE;
				GCC_WARN_UNUSED_FUNCTION = YES;
				GCC_WARN_UNUSED_VARIABLE = YES;
				IPHONEOS_DEPLOYMENT_TARGET = 17.0;
				LOCALIZATION_PREFERS_STRING_CATALOGS = YES;
				MTL_ENABLE_DEBUG_INFO = NO;
				MTL_FAST_MATH = YES;
				SDKROOT = iphoneos;
				SWIFT_COMPILATION_MODE = wholemodule;
				VALIDATE_PRODUCT = YES;
			};
			name = Release;
		};
		B8BFBDB32B62448E00161CF6 /* Debug */ = {
			isa = XCBuildConfiguration;
			buildSettings = {
				ASSETCATALOG_COMPILER_APPICON_NAME = AppIcon;
				ASSETCATALOG_COMPILER_GLOBAL_ACCENT_COLOR_NAME = AccentColor;
				CODE_SIGN_ENTITLEMENTS = "Pit-a-Pat/Pit-a-Pat.entitlements";
				CODE_SIGN_STYLE = Automatic;
				CURRENT_PROJECT_VERSION = 1;
				DEVELOPMENT_ASSET_PATHS = "\"Pit-a-Pat/Preview Content\"";
				DEVELOPMENT_TEAM = N5C4229YSA;
				ENABLE_PREVIEWS = YES;
				GENERATE_INFOPLIST_FILE = YES;
				INFOPLIST_KEY_NSCameraUsageDescription = "Thia App won't function without the camera access";
				INFOPLIST_KEY_UIApplicationSupportsIndirectInputEvents = YES;
				INFOPLIST_KEY_UILaunchScreen_Generation = YES;
				INFOPLIST_KEY_UIRequiredDeviceCapabilities = arkit;
				INFOPLIST_KEY_UIStatusBarHidden = YES;
				INFOPLIST_KEY_UISupportedInterfaceOrientations_iPad = "UIInterfaceOrientationPortrait UIInterfaceOrientationPortraitUpsideDown UIInterfaceOrientationLandscapeLeft UIInterfaceOrientationLandscapeRight";
				INFOPLIST_KEY_UISupportedInterfaceOrientations_iPhone = "UIInterfaceOrientationPortrait UIInterfaceOrientationLandscapeLeft UIInterfaceOrientationLandscapeRight";
				LD_RUNPATH_SEARCH_PATHS = (
					"$(inherited)",
					"@executable_path/Frameworks",
				);
				MARKETING_VERSION = 1.0;
				PRODUCT_BUNDLE_IDENTIFIER = "none.Pit-a-Pat";
				PRODUCT_NAME = "$(TARGET_NAME)";
				SWIFT_EMIT_LOC_STRINGS = YES;
				SWIFT_VERSION = 5.0;
				TARGETED_DEVICE_FAMILY = "1,2";
			};
			name = Debug;
		};
		B8BFBDB42B62448E00161CF6 /* Release */ = {
			isa = XCBuildConfiguration;
			buildSettings = {
				ASSETCATALOG_COMPILER_APPICON_NAME = AppIcon;
				ASSETCATALOG_COMPILER_GLOBAL_ACCENT_COLOR_NAME = AccentColor;
				CODE_SIGN_ENTITLEMENTS = "Pit-a-Pat/Pit-a-Pat.entitlements";
				CODE_SIGN_STYLE = Automatic;
				CURRENT_PROJECT_VERSION = 1;
				DEVELOPMENT_ASSET_PATHS = "\"Pit-a-Pat/Preview Content\"";
				DEVELOPMENT_TEAM = N5C4229YSA;
				ENABLE_PREVIEWS = YES;
				GENERATE_INFOPLIST_FILE = YES;
				INFOPLIST_KEY_NSCameraUsageDescription = "Thia App won't function without the camera access";
				INFOPLIST_KEY_UIApplicationSupportsIndirectInputEvents = YES;
				INFOPLIST_KEY_UILaunchScreen_Generation = YES;
				INFOPLIST_KEY_UIRequiredDeviceCapabilities = arkit;
				INFOPLIST_KEY_UIStatusBarHidden = YES;
				INFOPLIST_KEY_UISupportedInterfaceOrientations_iPad = "UIInterfaceOrientationPortrait UIInterfaceOrientationPortraitUpsideDown UIInterfaceOrientationLandscapeLeft UIInterfaceOrientationLandscapeRight";
				INFOPLIST_KEY_UISupportedInterfaceOrientations_iPhone = "UIInterfaceOrientationPortrait UIInterfaceOrientationLandscapeLeft UIInterfaceOrientationLandscapeRight";
				LD_RUNPATH_SEARCH_PATHS = (
					"$(inherited)",
					"@executable_path/Frameworks",
				);
				MARKETING_VERSION = 1.0;
				PRODUCT_BUNDLE_IDENTIFIER = "none.Pit-a-Pat";
				PRODUCT_NAME = "$(TARGET_NAME)";
				SWIFT_EMIT_LOC_STRINGS = YES;
				SWIFT_VERSION = 5.0;
				TARGETED_DEVICE_FAMILY = "1,2";
			};
			name = Release;
		};
/* End XCBuildConfiguration section */

/* Begin XCConfigurationList section */
		B8BFBD9F2B62448D00161CF6 /* Build configuration list for PBXProject "Pit-a-Pat" */ = {
			isa = XCConfigurationList;
			buildConfigurations = (
				B8BFBDB02B62448E00161CF6 /* Debug */,
				B8BFBDB12B62448E00161CF6 /* Release */,
			);
			defaultConfigurationIsVisible = 0;
			defaultConfigurationName = Release;
		};
		B8BFBDB22B62448E00161CF6 /* Build configuration list for PBXNativeTarget "Pit-a-Pat" */ = {
			isa = XCConfigurationList;
			buildConfigurations = (
				B8BFBDB32B62448E00161CF6 /* Debug */,
				B8BFBDB42B62448E00161CF6 /* Release */,
			);
			defaultConfigurationIsVisible = 0;
			defaultConfigurationName = Release;
		};
/* End XCConfigurationList section */
	};
	rootObject = B8BFBD9C2B62448D00161CF6 /* Project object */;
}
