// !$*UTF8*$!
{
	archiveVersion = 1;
	classes = {
	};
	objectVersion = 56;
	objects = {

/* Begin PBXBuildFile section */
		5AFB8B602B67892C0099B033 /* SplashScreen.swift in Sources */ = {isa = PBXBuildFile; fileRef = 5AFB8B5F2B67892C0099B033 /* SplashScreen.swift */; };
		B81CFF972B6A201000EFFEF6 /* Ball1.reality in Resources */ = {isa = PBXBuildFile; fileRef = B81CFF942B6A201000EFFEF6 /* Ball1.reality */; };
		B81CFF982B6A201000EFFEF6 /* Ball3.reality in Resources */ = {isa = PBXBuildFile; fileRef = B81CFF952B6A201000EFFEF6 /* Ball3.reality */; };
		B81CFF992B6A201000EFFEF6 /* Ball2.reality in Resources */ = {isa = PBXBuildFile; fileRef = B81CFF962B6A201000EFFEF6 /* Ball2.reality */; };
		B81CFF9B2B6A232A00EFFEF6 /* Ball0.reality in Resources */ = {isa = PBXBuildFile; fileRef = B81CFF9A2B6A232A00EFFEF6 /* Ball0.reality */; };
		B85217AA2B6FC9B500709364 /* AppViewModel.swift in Sources */ = {isa = PBXBuildFile; fileRef = B85217A92B6FC9B500709364 /* AppViewModel.swift */; };
		B85217AD2B6FD5AF00709364 /* DatabaseManager.swift in Sources */ = {isa = PBXBuildFile; fileRef = B85217AC2B6FD5AF00709364 /* DatabaseManager.swift */; };
		B85217B02B6FE8C500709364 /* MultipeerSession in Frameworks */ = {isa = PBXBuildFile; productRef = B85217AF2B6FE8C500709364 /* MultipeerSession */; };
		B85217BC2B6FFC7600709364 /* Pat.reality in Resources */ = {isa = PBXBuildFile; fileRef = B85217B32B6FFC7600709364 /* Pat.reality */; };
		B85217C22B6FFC7600709364 /* Hole.reality in Resources */ = {isa = PBXBuildFile; fileRef = B85217B92B6FFC7600709364 /* Hole.reality */; };
		B85217C52B7013DE00709364 /* MPConnectionManager.swift in Sources */ = {isa = PBXBuildFile; fileRef = B85217C42B7013DE00709364 /* MPConnectionManager.swift */; };
		B85217C92B71539A00709364 /* CameraView.swift in Sources */ = {isa = PBXBuildFile; fileRef = B85217C82B71539A00709364 /* CameraView.swift */; };
		B85217CB2B7153BE00709364 /* CameraViewController.swift in Sources */ = {isa = PBXBuildFile; fileRef = B85217CA2B7153BE00709364 /* CameraViewController.swift */; };
		B85217D52B72034600709364 /* BallOrange.reality in Resources */ = {isa = PBXBuildFile; fileRef = B85217CE2B72034600709364 /* BallOrange.reality */; };
		B85217D62B72034600709364 /* BallRed.reality in Resources */ = {isa = PBXBuildFile; fileRef = B85217CF2B72034600709364 /* BallRed.reality */; };
		B85217D72B72034600709364 /* BallPurple.reality in Resources */ = {isa = PBXBuildFile; fileRef = B85217D02B72034600709364 /* BallPurple.reality */; };
		B85217D82B72034600709364 /* BallBink.reality in Resources */ = {isa = PBXBuildFile; fileRef = B85217D12B72034600709364 /* BallBink.reality */; };
		B85217D92B72034600709364 /* BallGreen.reality in Resources */ = {isa = PBXBuildFile; fileRef = B85217D22B72034600709364 /* BallGreen.reality */; };
		B85217DA2B72034600709364 /* BlueBall.reality in Resources */ = {isa = PBXBuildFile; fileRef = B85217D32B72034600709364 /* BlueBall.reality */; };
		B85217DB2B72034600709364 /* BallYellow.reality in Resources */ = {isa = PBXBuildFile; fileRef = B85217D42B72034600709364 /* BallYellow.reality */; };
		B87B893A2B66C3E00031E9D9 /* CustomARView.swift in Sources */ = {isa = PBXBuildFile; fileRef = B87B89392B66C3E00031E9D9 /* CustomARView.swift */; };
		B87B893C2B66CAB70031E9D9 /* Hole1.reality in Resources */ = {isa = PBXBuildFile; fileRef = B87B893B2B66CAB70031E9D9 /* Hole1.reality */; };
		B87B893E2B66D6AE0031E9D9 /* Actions.swift in Sources */ = {isa = PBXBuildFile; fileRef = B87B893D2B66D6AE0031E9D9 /* Actions.swift */; };
		B87B89442B66E1860031E9D9 /* ARManager.swift in Sources */ = {isa = PBXBuildFile; fileRef = B87B89432B66E1860031E9D9 /* ARManager.swift */; };
		B87B89462B67B30D0031E9D9 /* ConnectWithSomeone.swift in Sources */ = {isa = PBXBuildFile; fileRef = B87B89452B67B30D0031E9D9 /* ConnectWithSomeone.swift */; };
		B87B89482B6842470031E9D9 /* container.swift in Sources */ = {isa = PBXBuildFile; fileRef = B87B89472B6842470031E9D9 /* container.swift */; };
		B87B894A2B68D29B0031E9D9 /* HostAGame.swift in Sources */ = {isa = PBXBuildFile; fileRef = B87B89492B68D29B0031E9D9 /* HostAGame.swift */; };
		B87B894C2B68D2E00031E9D9 /* JoinAGame.swift in Sources */ = {isa = PBXBuildFile; fileRef = B87B894B2B68D2E00031E9D9 /* JoinAGame.swift */; };
		B89BD02C2B6E637B004B25D0 /* profile.swift in Sources */ = {isa = PBXBuildFile; fileRef = B89BD0292B6E637B004B25D0 /* profile.swift */; };
		B89BD02D2B6E637B004B25D0 /* user.swift in Sources */ = {isa = PBXBuildFile; fileRef = B89BD02A2B6E637B004B25D0 /* user.swift */; };
		B89BD02E2B6E637B004B25D0 /* players.swift in Sources */ = {isa = PBXBuildFile; fileRef = B89BD02B2B6E637B004B25D0 /* players.swift */; };
		B89BD0352B6E643D004B25D0 /* AuthenticationServices.swift in Sources */ = {isa = PBXBuildFile; fileRef = B89BD0342B6E643D004B25D0 /* AuthenticationServices.swift */; };
		B89BD0392B6E6447004B25D0 /* playersViewModel.swift in Sources */ = {isa = PBXBuildFile; fileRef = B89BD0372B6E6447004B25D0 /* playersViewModel.swift */; };
		B89BD03A2B6E6447004B25D0 /* profileViewModel.swift in Sources */ = {isa = PBXBuildFile; fileRef = B89BD0382B6E6447004B25D0 /* profileViewModel.swift */; };
		B89BD0442B6E646E004B25D0 /* profileView.swift in Sources */ = {isa = PBXBuildFile; fileRef = B89BD03B2B6E646E004B25D0 /* profileView.swift */; };
		B89BD0452B6E646E004B25D0 /* FriendsView.swift in Sources */ = {isa = PBXBuildFile; fileRef = B89BD03C2B6E646E004B25D0 /* FriendsView.swift */; };
		B89BD0462B6E646E004B25D0 /* AddFriendsView.swift in Sources */ = {isa = PBXBuildFile; fileRef = B89BD03D2B6E646E004B25D0 /* AddFriendsView.swift */; };
		B89BD0472B6E646E004B25D0 /* playersView.swift in Sources */ = {isa = PBXBuildFile; fileRef = B89BD03E2B6E646E004B25D0 /* playersView.swift */; };
		B89BD0482B6E646E004B25D0 /* CircularProgressView.swift in Sources */ = {isa = PBXBuildFile; fileRef = B89BD0402B6E646E004B25D0 /* CircularProgressView.swift */; };
		B89BD0492B6E646E004B25D0 /* tick3.mp3 in Resources */ = {isa = PBXBuildFile; fileRef = B89BD0412B6E646E004B25D0 /* tick3.mp3 */; };
		B89BD04A2B6E646E004B25D0 /* CountdownViewModel.swift in Sources */ = {isa = PBXBuildFile; fileRef = B89BD0422B6E646E004B25D0 /* CountdownViewModel.swift */; };
		B89BD04B2B6E646E004B25D0 /* MultipeerSession.swift in Sources */ = {isa = PBXBuildFile; fileRef = B89BD0432B6E646E004B25D0 /* MultipeerSession.swift */; };
		B8A8BA4E2B65A53D00633A08 /* Leaderboared.swift in Sources */ = {isa = PBXBuildFile; fileRef = B8A8BA4D2B65A53D00633A08 /* Leaderboared.swift */; };
		B8A8BA512B664B3000633A08 /* Controller.swift in Sources */ = {isa = PBXBuildFile; fileRef = B8A8BA502B664B3000633A08 /* Controller.swift */; };
		B8A8BA532B664B4800633A08 /* ARViewRepresentable.swift in Sources */ = {isa = PBXBuildFile; fileRef = B8A8BA522B664B4800633A08 /* ARViewRepresentable.swift */; };
		B8B970432B6A510B00990074 /* InstructionView.swift in Sources */ = {isa = PBXBuildFile; fileRef = B8B970422B6A510B00990074 /* InstructionView.swift */; };
		B8B970472B6A9F4A00990074 /* SharedARView.swift in Sources */ = {isa = PBXBuildFile; fileRef = B8B970462B6A9F4A00990074 /* SharedARView.swift */; };
		B8BFBDA82B62448D00161CF6 /* AppDelegate.swift in Sources */ = {isa = PBXBuildFile; fileRef = B8BFBDA72B62448D00161CF6 /* AppDelegate.swift */; };
		B8BFBDAA2B62448D00161CF6 /* MainView.swift in Sources */ = {isa = PBXBuildFile; fileRef = B8BFBDA92B62448D00161CF6 /* MainView.swift */; };
		B8BFBDAC2B62448E00161CF6 /* Assets.xcassets in Resources */ = {isa = PBXBuildFile; fileRef = B8BFBDAB2B62448E00161CF6 /* Assets.xcassets */; };
		B8BFBDAF2B62448E00161CF6 /* Preview Assets.xcassets in Resources */ = {isa = PBXBuildFile; fileRef = B8BFBDAE2B62448E00161CF6 /* Preview Assets.xcassets */; };
/* End PBXBuildFile section */

/* Begin PBXFileReference section */
		5AFB8B5F2B67892C0099B033 /* SplashScreen.swift */ = {isa = PBXFileReference; lastKnownFileType = sourcecode.swift; path = SplashScreen.swift; sourceTree = "<group>"; };
		B81CFF942B6A201000EFFEF6 /* Ball1.reality */ = {isa = PBXFileReference; lastKnownFileType = file; path = Ball1.reality; sourceTree = "<group>"; };
		B81CFF952B6A201000EFFEF6 /* Ball3.reality */ = {isa = PBXFileReference; lastKnownFileType = file; path = Ball3.reality; sourceTree = "<group>"; };
		B81CFF962B6A201000EFFEF6 /* Ball2.reality */ = {isa = PBXFileReference; lastKnownFileType = file; path = Ball2.reality; sourceTree = "<group>"; };
		B81CFF9A2B6A232A00EFFEF6 /* Ball0.reality */ = {isa = PBXFileReference; lastKnownFileType = file; path = Ball0.reality; sourceTree = "<group>"; };
		B85217A92B6FC9B500709364 /* AppViewModel.swift */ = {isa = PBXFileReference; lastKnownFileType = sourcecode.swift; path = AppViewModel.swift; sourceTree = "<group>"; };
		B85217AC2B6FD5AF00709364 /* DatabaseManager.swift */ = {isa = PBXFileReference; lastKnownFileType = sourcecode.swift; path = DatabaseManager.swift; sourceTree = "<group>"; };
		B85217B32B6FFC7600709364 /* Pat.reality */ = {isa = PBXFileReference; lastKnownFileType = file; path = Pat.reality; sourceTree = "<group>"; };
		B85217B92B6FFC7600709364 /* Hole.reality */ = {isa = PBXFileReference; lastKnownFileType = file; path = Hole.reality; sourceTree = "<group>"; };
		B85217C42B7013DE00709364 /* MPConnectionManager.swift */ = {isa = PBXFileReference; lastKnownFileType = sourcecode.swift; path = MPConnectionManager.swift; sourceTree = "<group>"; };
		B85217C62B706FA200709364 /* Info.plist */ = {isa = PBXFileReference; lastKnownFileType = text.plist; path = Info.plist; sourceTree = "<group>"; };
		B85217C82B71539A00709364 /* CameraView.swift */ = {isa = PBXFileReference; lastKnownFileType = sourcecode.swift; path = CameraView.swift; sourceTree = "<group>"; };
		B85217CA2B7153BE00709364 /* CameraViewController.swift */ = {isa = PBXFileReference; lastKnownFileType = sourcecode.swift; path = CameraViewController.swift; sourceTree = "<group>"; };
		B85217CE2B72034600709364 /* BallOrange.reality */ = {isa = PBXFileReference; lastKnownFileType = file; name = BallOrange.reality; path = ../../BallOrange.reality; sourceTree = "<group>"; };
		B85217CF2B72034600709364 /* BallRed.reality */ = {isa = PBXFileReference; lastKnownFileType = file; name = BallRed.reality; path = ../../BallRed.reality; sourceTree = "<group>"; };
		B85217D02B72034600709364 /* BallPurple.reality */ = {isa = PBXFileReference; lastKnownFileType = file; name = BallPurple.reality; path = ../../BallPurple.reality; sourceTree = "<group>"; };
		B85217D12B72034600709364 /* BallBink.reality */ = {isa = PBXFileReference; lastKnownFileType = file; name = BallBink.reality; path = ../../BallBink.reality; sourceTree = "<group>"; };
		B85217D22B72034600709364 /* BallGreen.reality */ = {isa = PBXFileReference; lastKnownFileType = file; name = BallGreen.reality; path = ../../BallGreen.reality; sourceTree = "<group>"; };
		B85217D32B72034600709364 /* BlueBall.reality */ = {isa = PBXFileReference; lastKnownFileType = file; path = BlueBall.reality; sourceTree = "<group>"; };
		B85217D42B72034600709364 /* BallYellow.reality */ = {isa = PBXFileReference; lastKnownFileType = file; name = BallYellow.reality; path = ../../BallYellow.reality; sourceTree = "<group>"; };
		B87B89392B66C3E00031E9D9 /* CustomARView.swift */ = {isa = PBXFileReference; lastKnownFileType = sourcecode.swift; path = CustomARView.swift; sourceTree = "<group>"; };
		B87B893B2B66CAB70031E9D9 /* Hole1.reality */ = {isa = PBXFileReference; lastKnownFileType = file; path = Hole1.reality; sourceTree = "<group>"; };
		B87B893D2B66D6AE0031E9D9 /* Actions.swift */ = {isa = PBXFileReference; lastKnownFileType = sourcecode.swift; path = Actions.swift; sourceTree = "<group>"; };
		B87B89432B66E1860031E9D9 /* ARManager.swift */ = {isa = PBXFileReference; lastKnownFileType = sourcecode.swift; path = ARManager.swift; sourceTree = "<group>"; };
		B87B89452B67B30D0031E9D9 /* ConnectWithSomeone.swift */ = {isa = PBXFileReference; lastKnownFileType = sourcecode.swift; path = ConnectWithSomeone.swift; sourceTree = "<group>"; };
		B87B89472B6842470031E9D9 /* container.swift */ = {isa = PBXFileReference; lastKnownFileType = sourcecode.swift; path = container.swift; sourceTree = "<group>"; };
		B87B89492B68D29B0031E9D9 /* HostAGame.swift */ = {isa = PBXFileReference; lastKnownFileType = sourcecode.swift; path = HostAGame.swift; sourceTree = "<group>"; };
		B87B894B2B68D2E00031E9D9 /* JoinAGame.swift */ = {isa = PBXFileReference; lastKnownFileType = sourcecode.swift; path = JoinAGame.swift; sourceTree = "<group>"; };
		B89BD0292B6E637B004B25D0 /* profile.swift */ = {isa = PBXFileReference; fileEncoding = 4; lastKnownFileType = sourcecode.swift; path = profile.swift; sourceTree = "<group>"; };
		B89BD02A2B6E637B004B25D0 /* user.swift */ = {isa = PBXFileReference; fileEncoding = 4; lastKnownFileType = sourcecode.swift; path = user.swift; sourceTree = "<group>"; };
		B89BD02B2B6E637B004B25D0 /* players.swift */ = {isa = PBXFileReference; fileEncoding = 4; lastKnownFileType = sourcecode.swift; path = players.swift; sourceTree = "<group>"; };
		B89BD02F2B6E6398004B25D0 /* Pit-a-Pat.entitlements */ = {isa = PBXFileReference; fileEncoding = 4; lastKnownFileType = text.plist.entitlements; path = "Pit-a-Pat.entitlements"; sourceTree = "<group>"; };
		B89BD0342B6E643D004B25D0 /* AuthenticationServices.swift */ = {isa = PBXFileReference; fileEncoding = 4; lastKnownFileType = sourcecode.swift; path = AuthenticationServices.swift; sourceTree = "<group>"; };
		B89BD0372B6E6447004B25D0 /* playersViewModel.swift */ = {isa = PBXFileReference; fileEncoding = 4; lastKnownFileType = sourcecode.swift; path = playersViewModel.swift; sourceTree = "<group>"; };
		B89BD0382B6E6447004B25D0 /* profileViewModel.swift */ = {isa = PBXFileReference; fileEncoding = 4; lastKnownFileType = sourcecode.swift; path = profileViewModel.swift; sourceTree = "<group>"; };
		B89BD03B2B6E646E004B25D0 /* profileView.swift */ = {isa = PBXFileReference; fileEncoding = 4; lastKnownFileType = sourcecode.swift; path = profileView.swift; sourceTree = "<group>"; };
		B89BD03C2B6E646E004B25D0 /* FriendsView.swift */ = {isa = PBXFileReference; fileEncoding = 4; lastKnownFileType = sourcecode.swift; path = FriendsView.swift; sourceTree = "<group>"; };
		B89BD03D2B6E646E004B25D0 /* AddFriendsView.swift */ = {isa = PBXFileReference; fileEncoding = 4; lastKnownFileType = sourcecode.swift; path = AddFriendsView.swift; sourceTree = "<group>"; };
		B89BD03E2B6E646E004B25D0 /* playersView.swift */ = {isa = PBXFileReference; fileEncoding = 4; lastKnownFileType = sourcecode.swift; path = playersView.swift; sourceTree = "<group>"; };
		B89BD0402B6E646E004B25D0 /* CircularProgressView.swift */ = {isa = PBXFileReference; fileEncoding = 4; lastKnownFileType = sourcecode.swift; path = CircularProgressView.swift; sourceTree = "<group>"; };
		B89BD0412B6E646E004B25D0 /* tick3.mp3 */ = {isa = PBXFileReference; lastKnownFileType = audio.mp3; path = tick3.mp3; sourceTree = "<group>"; };
		B89BD0422B6E646E004B25D0 /* CountdownViewModel.swift */ = {isa = PBXFileReference; fileEncoding = 4; lastKnownFileType = sourcecode.swift; path = CountdownViewModel.swift; sourceTree = "<group>"; };
		B89BD0432B6E646E004B25D0 /* MultipeerSession.swift */ = {isa = PBXFileReference; fileEncoding = 4; lastKnownFileType = sourcecode.swift; path = MultipeerSession.swift; sourceTree = "<group>"; };
		B8A8BA4D2B65A53D00633A08 /* Leaderboared.swift */ = {isa = PBXFileReference; lastKnownFileType = sourcecode.swift; path = Leaderboared.swift; sourceTree = "<group>"; };
		B8A8BA502B664B3000633A08 /* Controller.swift */ = {isa = PBXFileReference; lastKnownFileType = sourcecode.swift; path = Controller.swift; sourceTree = "<group>"; };
		B8A8BA522B664B4800633A08 /* ARViewRepresentable.swift */ = {isa = PBXFileReference; lastKnownFileType = sourcecode.swift; path = ARViewRepresentable.swift; sourceTree = "<group>"; };
		B8B970422B6A510B00990074 /* InstructionView.swift */ = {isa = PBXFileReference; lastKnownFileType = sourcecode.swift; path = InstructionView.swift; sourceTree = "<group>"; };
		B8B970462B6A9F4A00990074 /* SharedARView.swift */ = {isa = PBXFileReference; lastKnownFileType = sourcecode.swift; path = SharedARView.swift; sourceTree = "<group>"; };
		B8BFBDA42B62448D00161CF6 /* Pit-a-Pat.app */ = {isa = PBXFileReference; explicitFileType = wrapper.application; includeInIndex = 0; path = "Pit-a-Pat.app"; sourceTree = BUILT_PRODUCTS_DIR; };
		B8BFBDA72B62448D00161CF6 /* AppDelegate.swift */ = {isa = PBXFileReference; lastKnownFileType = sourcecode.swift; path = AppDelegate.swift; sourceTree = "<group>"; };
		B8BFBDA92B62448D00161CF6 /* MainView.swift */ = {isa = PBXFileReference; lastKnownFileType = sourcecode.swift; path = MainView.swift; sourceTree = "<group>"; };
		B8BFBDAB2B62448E00161CF6 /* Assets.xcassets */ = {isa = PBXFileReference; lastKnownFileType = folder.assetcatalog; path = Assets.xcassets; sourceTree = "<group>"; };
		B8BFBDAE2B62448E00161CF6 /* Preview Assets.xcassets */ = {isa = PBXFileReference; lastKnownFileType = folder.assetcatalog; path = "Preview Assets.xcassets"; sourceTree = "<group>"; };
/* End PBXFileReference section */

/* Begin PBXFrameworksBuildPhase section */
		B8BFBDA12B62448D00161CF6 /* Frameworks */ = {
			isa = PBXFrameworksBuildPhase;
			buildActionMask = 2147483647;
			files = (
				B85217B02B6FE8C500709364 /* MultipeerSession in Frameworks */,
			);
			runOnlyForDeploymentPostprocessing = 0;
		};
/* End PBXFrameworksBuildPhase section */

/* Begin PBXGroup section */
		B85217AB2B6FD58500709364 /* Database */ = {
			isa = PBXGroup;
			children = (
				B85217AC2B6FD5AF00709364 /* DatabaseManager.swift */,
			);
			path = Database;
			sourceTree = "<group>";
		};
		B85217C32B7013B500709364 /* MultiPeerConnectivity */ = {
			isa = PBXGroup;
			children = (
				B85217C42B7013DE00709364 /* MPConnectionManager.swift */,
				B89BD0432B6E646E004B25D0 /* MultipeerSession.swift */,
			);
			path = MultiPeerConnectivity;
			sourceTree = "<group>";
		};
		B85217C72B71536100709364 /* Camera */ = {
			isa = PBXGroup;
			children = (
				B85217C82B71539A00709364 /* CameraView.swift */,
				B85217CA2B7153BE00709364 /* CameraViewController.swift */,
			);
			path = Camera;
			sourceTree = "<group>";
		};
		B87B894D2B68D3020031E9D9 /* The Game */ = {
			isa = PBXGroup;
			children = (
				B87B89452B67B30D0031E9D9 /* ConnectWithSomeone.swift */,
				B87B89492B68D29B0031E9D9 /* HostAGame.swift */,
				B8B970422B6A510B00990074 /* InstructionView.swift */,
				B87B894B2B68D2E00031E9D9 /* JoinAGame.swift */,
				B8A8BA4D2B65A53D00633A08 /* Leaderboared.swift */,
			);
			path = "The Game";
			sourceTree = "<group>";
		};
		B87B894E2B68D3E70031E9D9 /* Functions */ = {
			isa = PBXGroup;
			children = (
				B87B893D2B66D6AE0031E9D9 /* Actions.swift */,
				B87B89392B66C3E00031E9D9 /* CustomARView.swift */,
				B87B89432B66E1860031E9D9 /* ARManager.swift */,
			);
			path = Functions;
			sourceTree = "<group>";
		};
		B89BD0282B6E637B004B25D0 /* models */ = {
			isa = PBXGroup;
			children = (
				B89BD02B2B6E637B004B25D0 /* players.swift */,
				B89BD0292B6E637B004B25D0 /* profile.swift */,
				B89BD02A2B6E637B004B25D0 /* user.swift */,
				B85217A92B6FC9B500709364 /* AppViewModel.swift */,
			);
			path = models;
			sourceTree = "<group>";
		};
		B89BD0332B6E643D004B25D0 /* Servcies  */ = {
			isa = PBXGroup;
			children = (
				B89BD0342B6E643D004B25D0 /* AuthenticationServices.swift */,
			);
			path = "Servcies ";
			sourceTree = "<group>";
		};
		B89BD0362B6E6447004B25D0 /* viewModel */ = {
			isa = PBXGroup;
			children = (
				B89BD0372B6E6447004B25D0 /* playersViewModel.swift */,
				B89BD0382B6E6447004B25D0 /* profileViewModel.swift */,
			);
			path = viewModel;
			sourceTree = "<group>";
		};
		B89BD03F2B6E646E004B25D0 /* Timer */ = {
			isa = PBXGroup;
			children = (
				B89BD0402B6E646E004B25D0 /* CircularProgressView.swift */,
				B89BD0422B6E646E004B25D0 /* CountdownViewModel.swift */,
				B89BD0412B6E646E004B25D0 /* tick3.mp3 */,
			);
			path = Timer;
			sourceTree = "<group>";
		};
		B8A8BA472B65A3F300633A08 /* Views */ = {
			isa = PBXGroup;
			children = (
				B89BD03D2B6E646E004B25D0 /* AddFriendsView.swift */,
				B87B89472B6842470031E9D9 /* container.swift */,
				B89BD03C2B6E646E004B25D0 /* FriendsView.swift */,
				B8BFBDA92B62448D00161CF6 /* MainView.swift */,
				B89BD03E2B6E646E004B25D0 /* playersView.swift */,
				B89BD03B2B6E646E004B25D0 /* profileView.swift */,
				5AFB8B5F2B67892C0099B033 /* SplashScreen.swift */,
				B87B894D2B68D3020031E9D9 /* The Game */,
				B89BD03F2B6E646E004B25D0 /* Timer */,
			);
			path = Views;
			sourceTree = "<group>";
		};
		B8A8BA4F2B664B1B00633A08 /* AR */ = {
			isa = PBXGroup;
			children = (
				B87B894E2B68D3E70031E9D9 /* Functions */,
				B8A8BA522B664B4800633A08 /* ARViewRepresentable.swift */,
				B8A8BA502B664B3000633A08 /* Controller.swift */,
				B8B970462B6A9F4A00990074 /* SharedARView.swift */,
			);
			path = AR;
			sourceTree = "<group>";
		};
		B8BFBD9B2B62448D00161CF6 = {
			isa = PBXGroup;
			children = (
				B8BFBDA62B62448D00161CF6 /* Pit-a-Pat */,
				B8BFBDA52B62448D00161CF6 /* Products */,
			);
			sourceTree = "<group>";
		};
		B8BFBDA52B62448D00161CF6 /* Products */ = {
			isa = PBXGroup;
			children = (
				B8BFBDA42B62448D00161CF6 /* Pit-a-Pat.app */,
			);
			name = Products;
			sourceTree = "<group>";
		};
		B8BFBDA62B62448D00161CF6 /* Pit-a-Pat */ = {
			isa = PBXGroup;
			children = (
				B85217D12B72034600709364 /* BallBink.reality */,
				B85217D22B72034600709364 /* BallGreen.reality */,
				B85217CE2B72034600709364 /* BallOrange.reality */,
				B85217D02B72034600709364 /* BallPurple.reality */,
				B85217CF2B72034600709364 /* BallRed.reality */,
				B85217D42B72034600709364 /* BallYellow.reality */,
				B85217D32B72034600709364 /* BlueBall.reality */,
				B85217C62B706FA200709364 /* Info.plist */,
				B85217B92B6FFC7600709364 /* Hole.reality */,
				B85217B32B6FFC7600709364 /* Pat.reality */,
				B89BD02F2B6E6398004B25D0 /* Pit-a-Pat.entitlements */,
				B81CFF9A2B6A232A00EFFEF6 /* Ball0.reality */,
				B81CFF942B6A201000EFFEF6 /* Ball1.reality */,
				B81CFF962B6A201000EFFEF6 /* Ball2.reality */,
				B81CFF952B6A201000EFFEF6 /* Ball3.reality */,
				B87B893B2B66CAB70031E9D9 /* Hole1.reality */,
				B8BFBDA72B62448D00161CF6 /* AppDelegate.swift */,
				B8BFBDAB2B62448E00161CF6 /* Assets.xcassets */,
				B8A8BA4F2B664B1B00633A08 /* AR */,
				B85217C72B71536100709364 /* Camera */,
				B85217AB2B6FD58500709364 /* Database */,
				B89BD0282B6E637B004B25D0 /* models */,
				B85217C32B7013B500709364 /* MultiPeerConnectivity */,
				B8BFBDAD2B62448E00161CF6 /* Preview Content */,
				B89BD0332B6E643D004B25D0 /* Servcies  */,
				B89BD0362B6E6447004B25D0 /* viewModel */,
				B8A8BA472B65A3F300633A08 /* Views */,
			);
			path = "Pit-a-Pat";
			sourceTree = "<group>";
		};
		B8BFBDAD2B62448E00161CF6 /* Preview Content */ = {
			isa = PBXGroup;
			children = (
				B8BFBDAE2B62448E00161CF6 /* Preview Assets.xcassets */,
			);
			path = "Preview Content";
			sourceTree = "<group>";
		};
/* End PBXGroup section */

/* Begin PBXNativeTarget section */
		B8BFBDA32B62448D00161CF6 /* Pit-a-Pat */ = {
			isa = PBXNativeTarget;
			buildConfigurationList = B8BFBDB22B62448E00161CF6 /* Build configuration list for PBXNativeTarget "Pit-a-Pat" */;
			buildPhases = (
				B8BFBDA02B62448D00161CF6 /* Sources */,
				B8BFBDA12B62448D00161CF6 /* Frameworks */,
				B8BFBDA22B62448D00161CF6 /* Resources */,
			);
			buildRules = (
			);
			dependencies = (
			);
			name = "Pit-a-Pat";
			packageProductDependencies = (
				B85217AF2B6FE8C500709364 /* MultipeerSession */,
			);
			productName = "Pit-a-Pat";
			productReference = B8BFBDA42B62448D00161CF6 /* Pit-a-Pat.app */;
			productType = "com.apple.product-type.application";
		};
/* End PBXNativeTarget section */

/* Begin PBXProject section */
		B8BFBD9C2B62448D00161CF6 /* Project object */ = {
			isa = PBXProject;
			attributes = {
				BuildIndependentTargetsInParallel = 1;
				LastSwiftUpdateCheck = 1500;
				LastUpgradeCheck = 1500;
				TargetAttributes = {
					B8BFBDA32B62448D00161CF6 = {
						CreatedOnToolsVersion = 15.0;
					};
				};
			};
			buildConfigurationList = B8BFBD9F2B62448D00161CF6 /* Build configuration list for PBXProject "Pit-a-Pat" */;
			compatibilityVersion = "Xcode 14.0";
			developmentRegion = en;
			hasScannedForEncodings = 0;
			knownRegions = (
				en,
				Base,
			);
			mainGroup = B8BFBD9B2B62448D00161CF6;
			packageReferences = (
				B85217AE2B6FE8C500709364 /* XCRemoteSwiftPackageReference "multipeer-session" */,
			);
			productRefGroup = B8BFBDA52B62448D00161CF6 /* Products */;
			projectDirPath = "";
			projectRoot = "";
			targets = (
				B8BFBDA32B62448D00161CF6 /* Pit-a-Pat */,
			);
		};
/* End PBXProject section */

/* Begin PBXResourcesBuildPhase section */
		B8BFBDA22B62448D00161CF6 /* Resources */ = {
			isa = PBXResourcesBuildPhase;
			buildActionMask = 2147483647;
			files = (
				B81CFF972B6A201000EFFEF6 /* Ball1.reality in Resources */,
				B85217DB2B72034600709364 /* BallYellow.reality in Resources */,
				B85217D72B72034600709364 /* BallPurple.reality in Resources */,
				B87B893C2B66CAB70031E9D9 /* Hole1.reality in Resources */,
				B85217D82B72034600709364 /* BallBink.reality in Resources */,
				B8BFBDAF2B62448E00161CF6 /* Preview Assets.xcassets in Resources */,
				B85217D52B72034600709364 /* BallOrange.reality in Resources */,
				B85217DA2B72034600709364 /* BlueBall.reality in Resources */,
				B8BFBDAC2B62448E00161CF6 /* Assets.xcassets in Resources */,
				B81CFF992B6A201000EFFEF6 /* Ball2.reality in Resources */,
				B81CFF9B2B6A232A00EFFEF6 /* Ball0.reality in Resources */,
				B85217BC2B6FFC7600709364 /* Pat.reality in Resources */,
				B81CFF982B6A201000EFFEF6 /* Ball3.reality in Resources */,
				B89BD0492B6E646E004B25D0 /* tick3.mp3 in Resources */,
				B85217C22B6FFC7600709364 /* Hole.reality in Resources */,
				B85217D62B72034600709364 /* BallRed.reality in Resources */,
				B85217D92B72034600709364 /* BallGreen.reality in Resources */,
			);
			runOnlyForDeploymentPostprocessing = 0;
		};
/* End PBXResourcesBuildPhase section */

/* Begin PBXSourcesBuildPhase section */
		B8BFBDA02B62448D00161CF6 /* Sources */ = {
			isa = PBXSourcesBuildPhase;
			buildActionMask = 2147483647;
			files = (
				B89BD02D2B6E637B004B25D0 /* user.swift in Sources */,
				B89BD0482B6E646E004B25D0 /* CircularProgressView.swift in Sources */,
				B85217AD2B6FD5AF00709364 /* DatabaseManager.swift in Sources */,
				B85217AA2B6FC9B500709364 /* AppViewModel.swift in Sources */,
				B87B893A2B66C3E00031E9D9 /* CustomARView.swift in Sources */,
				B87B893E2B66D6AE0031E9D9 /* Actions.swift in Sources */,
				B89BD0442B6E646E004B25D0 /* profileView.swift in Sources */,
				B8BFBDAA2B62448D00161CF6 /* MainView.swift in Sources */,
				B85217C52B7013DE00709364 /* MPConnectionManager.swift in Sources */,
				B8B970472B6A9F4A00990074 /* SharedARView.swift in Sources */,
				B8A8BA532B664B4800633A08 /* ARViewRepresentable.swift in Sources */,
				B85217CB2B7153BE00709364 /* CameraViewController.swift in Sources */,
				5AFB8B602B67892C0099B033 /* SplashScreen.swift in Sources */,
				B87B894C2B68D2E00031E9D9 /* JoinAGame.swift in Sources */,
				B89BD02C2B6E637B004B25D0 /* profile.swift in Sources */,
				B87B894A2B68D29B0031E9D9 /* HostAGame.swift in Sources */,
				B85217C92B71539A00709364 /* CameraView.swift in Sources */,
				B89BD02E2B6E637B004B25D0 /* players.swift in Sources */,
				B87B89462B67B30D0031E9D9 /* ConnectWithSomeone.swift in Sources */,
				B8BFBDA82B62448D00161CF6 /* AppDelegate.swift in Sources */,
				B89BD0472B6E646E004B25D0 /* playersView.swift in Sources */,
				B89BD03A2B6E6447004B25D0 /* profileViewModel.swift in Sources */,
				B8A8BA512B664B3000633A08 /* Controller.swift in Sources */,
				B89BD0352B6E643D004B25D0 /* AuthenticationServices.swift in Sources */,
				B89BD0452B6E646E004B25D0 /* FriendsView.swift in Sources */,
				B87B89442B66E1860031E9D9 /* ARManager.swift in Sources */,
				B8A8BA4E2B65A53D00633A08 /* Leaderboared.swift in Sources */,
				B89BD0392B6E6447004B25D0 /* playersViewModel.swift in Sources */,
				B89BD04A2B6E646E004B25D0 /* CountdownViewModel.swift in Sources */,
				B89BD0462B6E646E004B25D0 /* AddFriendsView.swift in Sources */,
				B89BD04B2B6E646E004B25D0 /* MultipeerSession.swift in Sources */,
				B87B89482B6842470031E9D9 /* container.swift in Sources */,
				B8B970432B6A510B00990074 /* InstructionView.swift in Sources */,
			);
			runOnlyForDeploymentPostprocessing = 0;
		};
/* End PBXSourcesBuildPhase section */

/* Begin XCBuildConfiguration section */
		B8BFBDB02B62448E00161CF6 /* Debug */ = {
			isa = XCBuildConfiguration;
			buildSettings = {
				ALWAYS_SEARCH_USER_PATHS = NO;
				ASSETCATALOG_COMPILER_GENERATE_SWIFT_ASSET_SYMBOL_EXTENSIONS = YES;
				CLANG_ANALYZER_NONNULL = YES;
				CLANG_ANALYZER_NUMBER_OBJECT_CONVERSION = YES_AGGRESSIVE;
				CLANG_CXX_LANGUAGE_STANDARD = "gnu++20";
				CLANG_ENABLE_MODULES = YES;
				CLANG_ENABLE_OBJC_ARC = YES;
				CLANG_ENABLE_OBJC_WEAK = YES;
				CLANG_WARN_BLOCK_CAPTURE_AUTORELEASING = YES;
				CLANG_WARN_BOOL_CONVERSION = YES;
				CLANG_WARN_COMMA = YES;
				CLANG_WARN_CONSTANT_CONVERSION = YES;
				CLANG_WARN_DEPRECATED_OBJC_IMPLEMENTATIONS = YES;
				CLANG_WARN_DIRECT_OBJC_ISA_USAGE = YES_ERROR;
				CLANG_WARN_DOCUMENTATION_COMMENTS = YES;
				CLANG_WARN_EMPTY_BODY = YES;
				CLANG_WARN_ENUM_CONVERSION = YES;
				CLANG_WARN_INFINITE_RECURSION = YES;
				CLANG_WARN_INT_CONVERSION = YES;
				CLANG_WARN_NON_LITERAL_NULL_CONVERSION = YES;
				CLANG_WARN_OBJC_IMPLICIT_RETAIN_SELF = YES;
				CLANG_WARN_OBJC_LITERAL_CONVERSION = YES;
				CLANG_WARN_OBJC_ROOT_CLASS = YES_ERROR;
				CLANG_WARN_QUOTED_INCLUDE_IN_FRAMEWORK_HEADER = YES;
				CLANG_WARN_RANGE_LOOP_ANALYSIS = YES;
				CLANG_WARN_STRICT_PROTOTYPES = YES;
				CLANG_WARN_SUSPICIOUS_MOVE = YES;
				CLANG_WARN_UNGUARDED_AVAILABILITY = YES_AGGRESSIVE;
				CLANG_WARN_UNREACHABLE_CODE = YES;
				CLANG_WARN__DUPLICATE_METHOD_MATCH = YES;
				COPY_PHASE_STRIP = NO;
				DEBUG_INFORMATION_FORMAT = dwarf;
				ENABLE_STRICT_OBJC_MSGSEND = YES;
				ENABLE_TESTABILITY = YES;
				ENABLE_USER_SCRIPT_SANDBOXING = YES;
				GCC_C_LANGUAGE_STANDARD = gnu17;
				GCC_DYNAMIC_NO_PIC = NO;
				GCC_NO_COMMON_BLOCKS = YES;
				GCC_OPTIMIZATION_LEVEL = 0;
				GCC_PREPROCESSOR_DEFINITIONS = (
					"DEBUG=1",
					"$(inherited)",
				);
				GCC_WARN_64_TO_32_BIT_CONVERSION = YES;
				GCC_WARN_ABOUT_RETURN_TYPE = YES_ERROR;
				GCC_WARN_UNDECLARED_SELECTOR = YES;
				GCC_WARN_UNINITIALIZED_AUTOS = YES_AGGRESSIVE;
				GCC_WARN_UNUSED_FUNCTION = YES;
				GCC_WARN_UNUSED_VARIABLE = YES;
				IPHONEOS_DEPLOYMENT_TARGET = 17.0;
				LOCALIZATION_PREFERS_STRING_CATALOGS = YES;
				MTL_ENABLE_DEBUG_INFO = INCLUDE_SOURCE;
				MTL_FAST_MATH = YES;
				ONLY_ACTIVE_ARCH = YES;
				SDKROOT = iphoneos;
				SWIFT_ACTIVE_COMPILATION_CONDITIONS = "DEBUG $(inherited)";
				SWIFT_OPTIMIZATION_LEVEL = "-Onone";
			};
			name = Debug;
		};
		B8BFBDB12B62448E00161CF6 /* Release */ = {
			isa = XCBuildConfiguration;
			buildSettings = {
				ALWAYS_SEARCH_USER_PATHS = NO;
				ASSETCATALOG_COMPILER_GENERATE_SWIFT_ASSET_SYMBOL_EXTENSIONS = YES;
				CLANG_ANALYZER_NONNULL = YES;
				CLANG_ANALYZER_NUMBER_OBJECT_CONVERSION = YES_AGGRESSIVE;
				CLANG_CXX_LANGUAGE_STANDARD = "gnu++20";
				CLANG_ENABLE_MODULES = YES;
				CLANG_ENABLE_OBJC_ARC = YES;
				CLANG_ENABLE_OBJC_WEAK = YES;
				CLANG_WARN_BLOCK_CAPTURE_AUTORELEASING = YES;
				CLANG_WARN_BOOL_CONVERSION = YES;
				CLANG_WARN_COMMA = YES;
				CLANG_WARN_CONSTANT_CONVERSION = YES;
				CLANG_WARN_DEPRECATED_OBJC_IMPLEMENTATIONS = YES;
				CLANG_WARN_DIRECT_OBJC_ISA_USAGE = YES_ERROR;
				CLANG_WARN_DOCUMENTATION_COMMENTS = YES;
				CLANG_WARN_EMPTY_BODY = YES;
				CLANG_WARN_ENUM_CONVERSION = YES;
				CLANG_WARN_INFINITE_RECURSION = YES;
				CLANG_WARN_INT_CONVERSION = YES;
				CLANG_WARN_NON_LITERAL_NULL_CONVERSION = YES;
				CLANG_WARN_OBJC_IMPLICIT_RETAIN_SELF = YES;
				CLANG_WARN_OBJC_LITERAL_CONVERSION = YES;
				CLANG_WARN_OBJC_ROOT_CLASS = YES_ERROR;
				CLANG_WARN_QUOTED_INCLUDE_IN_FRAMEWORK_HEADER = YES;
				CLANG_WARN_RANGE_LOOP_ANALYSIS = YES;
				CLANG_WARN_STRICT_PROTOTYPES = YES;
				CLANG_WARN_SUSPICIOUS_MOVE = YES;
				CLANG_WARN_UNGUARDED_AVAILABILITY = YES_AGGRESSIVE;
				CLANG_WARN_UNREACHABLE_CODE = YES;
				CLANG_WARN__DUPLICATE_METHOD_MATCH = YES;
				COPY_PHASE_STRIP = NO;
				DEBUG_INFORMATION_FORMAT = "dwarf-with-dsym";
				ENABLE_NS_ASSERTIONS = NO;
				ENABLE_STRICT_OBJC_MSGSEND = YES;
				ENABLE_USER_SCRIPT_SANDBOXING = YES;
				GCC_C_LANGUAGE_STANDARD = gnu17;
				GCC_NO_COMMON_BLOCKS = YES;
				GCC_WARN_64_TO_32_BIT_CONVERSION = YES;
				GCC_WARN_ABOUT_RETURN_TYPE = YES_ERROR;
				GCC_WARN_UNDECLARED_SELECTOR = YES;
				GCC_WARN_UNINITIALIZED_AUTOS = YES_AGGRESSIVE;
				GCC_WARN_UNUSED_FUNCTION = YES;
				GCC_WARN_UNUSED_VARIABLE = YES;
				IPHONEOS_DEPLOYMENT_TARGET = 17.0;
				LOCALIZATION_PREFERS_STRING_CATALOGS = YES;
				MTL_ENABLE_DEBUG_INFO = NO;
				MTL_FAST_MATH = YES;
				SDKROOT = iphoneos;
				SWIFT_COMPILATION_MODE = wholemodule;
				VALIDATE_PRODUCT = YES;
			};
			name = Release;
		};
		B8BFBDB32B62448E00161CF6 /* Debug */ = {
			isa = XCBuildConfiguration;
			buildSettings = {
				ASSETCATALOG_COMPILER_APPICON_NAME = AppIcon;
				ASSETCATALOG_COMPILER_GLOBAL_ACCENT_COLOR_NAME = AccentColor;
				CODE_SIGN_ENTITLEMENTS = "Pit-a-Pat/Pit-a-Pat.entitlements";
				CODE_SIGN_STYLE = Automatic;
				CURRENT_PROJECT_VERSION = 1;
				DEVELOPMENT_ASSET_PATHS = "\"Pit-a-Pat/Preview Content\"";
				DEVELOPMENT_TEAM = 25ANLCX5P6;
				ENABLE_PREVIEWS = YES;
				GENERATE_INFOPLIST_FILE = YES;
				INFOPLIST_FILE = "Pit-a-Pat/Info.plist";
				INFOPLIST_KEY_NSCameraUsageDescription = "Thia App won't function without the camera access";
				INFOPLIST_KEY_NSLocalNetworkUsageDescription = "To play Pit-a-Pat in multiuser mood";
				INFOPLIST_KEY_UIApplicationSupportsIndirectInputEvents = YES;
				INFOPLIST_KEY_UILaunchScreen_Generation = YES;
				INFOPLIST_KEY_UIRequiredDeviceCapabilities = arkit;
				INFOPLIST_KEY_UIStatusBarHidden = YES;
				INFOPLIST_KEY_UISupportedInterfaceOrientations_iPad = "UIInterfaceOrientationPortrait UIInterfaceOrientationPortraitUpsideDown UIInterfaceOrientationLandscapeLeft UIInterfaceOrientationLandscapeRight";
				INFOPLIST_KEY_UISupportedInterfaceOrientations_iPhone = "UIInterfaceOrientationPortrait UIInterfaceOrientationLandscapeLeft UIInterfaceOrientationLandscapeRight";
				LD_RUNPATH_SEARCH_PATHS = (
					"$(inherited)",
					"@executable_path/Frameworks",
				);
				MARKETING_VERSION = 1.0;
				PRODUCT_BUNDLE_IDENTIFIER = "iCloud.Pit-a-Pat";
				PRODUCT_NAME = "$(TARGET_NAME)";
				SWIFT_EMIT_LOC_STRINGS = YES;
				SWIFT_VERSION = 5.0;
				TARGETED_DEVICE_FAMILY = "1,2";
			};
			name = Debug;
		};
		B8BFBDB42B62448E00161CF6 /* Release */ = {
			isa = XCBuildConfiguration;
			buildSettings = {
				ASSETCATALOG_COMPILER_APPICON_NAME = AppIcon;
				ASSETCATALOG_COMPILER_GLOBAL_ACCENT_COLOR_NAME = AccentColor;
				CODE_SIGN_ENTITLEMENTS = "Pit-a-Pat/Pit-a-Pat.entitlements";
				CODE_SIGN_STYLE = Automatic;
				CURRENT_PROJECT_VERSION = 1;
				DEVELOPMENT_ASSET_PATHS = "\"Pit-a-Pat/Preview Content\"";
				DEVELOPMENT_TEAM = 25ANLCX5P6;
				ENABLE_PREVIEWS = YES;
				GENERATE_INFOPLIST_FILE = YES;
				INFOPLIST_FILE = "Pit-a-Pat/Info.plist";
				INFOPLIST_KEY_NSCameraUsageDescription = "Thia App won't function without the camera access";
				INFOPLIST_KEY_NSLocalNetworkUsageDescription = "To play Pit-a-Pat in multiuser mood";
				INFOPLIST_KEY_UIApplicationSupportsIndirectInputEvents = YES;
				INFOPLIST_KEY_UILaunchScreen_Generation = YES;
				INFOPLIST_KEY_UIRequiredDeviceCapabilities = arkit;
				INFOPLIST_KEY_UIStatusBarHidden = YES;
				INFOPLIST_KEY_UISupportedInterfaceOrientations_iPad = "UIInterfaceOrientationPortrait UIInterfaceOrientationPortraitUpsideDown UIInterfaceOrientationLandscapeLeft UIInterfaceOrientationLandscapeRight";
				INFOPLIST_KEY_UISupportedInterfaceOrientations_iPhone = "UIInterfaceOrientationPortrait UIInterfaceOrientationLandscapeLeft UIInterfaceOrientationLandscapeRight";
				LD_RUNPATH_SEARCH_PATHS = (
					"$(inherited)",
					"@executable_path/Frameworks",
				);
				MARKETING_VERSION = 1.0;
				PRODUCT_BUNDLE_IDENTIFIER = "iCloud.Pit-a-Pat";
				PRODUCT_NAME = "$(TARGET_NAME)";
				SWIFT_EMIT_LOC_STRINGS = YES;
				SWIFT_VERSION = 5.0;
				TARGETED_DEVICE_FAMILY = "1,2";
			};
			name = Release;
		};
/* End XCBuildConfiguration section */

/* Begin XCConfigurationList section */
		B8BFBD9F2B62448D00161CF6 /* Build configuration list for PBXProject "Pit-a-Pat" */ = {
			isa = XCConfigurationList;
			buildConfigurations = (
				B8BFBDB02B62448E00161CF6 /* Debug */,
				B8BFBDB12B62448E00161CF6 /* Release */,
			);
			defaultConfigurationIsVisible = 0;
			defaultConfigurationName = Release;
		};
		B8BFBDB22B62448E00161CF6 /* Build configuration list for PBXNativeTarget "Pit-a-Pat" */ = {
			isa = XCConfigurationList;
			buildConfigurations = (
				B8BFBDB32B62448E00161CF6 /* Debug */,
				B8BFBDB42B62448E00161CF6 /* Release */,
			);
			defaultConfigurationIsVisible = 0;
			defaultConfigurationName = Release;
		};
/* End XCConfigurationList section */

/* Begin XCRemoteSwiftPackageReference section */
		B85217AE2B6FE8C500709364 /* XCRemoteSwiftPackageReference "multipeer-session" */ = {
			isa = XCRemoteSwiftPackageReference;
			repositoryURL = "https://github.com/RyanKopinskyLLC/multipeer-session.git";
			requirement = {
				kind = upToNextMajorVersion;
				minimumVersion = 1.0.1;
			};
		};
/* End XCRemoteSwiftPackageReference section */

/* Begin XCSwiftPackageProductDependency section */
		B85217AF2B6FE8C500709364 /* MultipeerSession */ = {
			isa = XCSwiftPackageProductDependency;
			package = B85217AE2B6FE8C500709364 /* XCRemoteSwiftPackageReference "multipeer-session" */;
			productName = MultipeerSession;
		};
/* End XCSwiftPackageProductDependency section */
	};
	rootObject = B8BFBD9C2B62448D00161CF6 /* Project object */;
}
